
Microsoft Visual Studio Solution File, Format Version 12.00
# Visual Studio Version 17
VisualStudioVersion = 17.14.36623.8
MinimumVisualStudioVersion = 10.0.40219.1
Project("{FAE04EC0-301F-11D3-BF4B-00C04F79EFBC}") = "Mock Exam Work", "Mock Exam Work\Mock Exam Work.csproj", "{387B6D74-7CA9-4009-9BEE-BDE7FE395660}"
EndProject
Global
	GlobalSection(SolutionConfigurationPlatforms) = preSolution
		Debug|Any CPU = Debug|Any CPU
		Release|Any CPU = Release|Any CPU
	EndGlobalSection
	GlobalSection(ProjectConfigurationPlatforms) = postSolution
		{387B6D74-7CA9-4009-9BEE-BDE7FE395660}.Debug|Any CPU.ActiveCfg = Debug|Any CPU
		{387B6D74-7CA9-4009-9BEE-BDE7FE395660}.Debug|Any CPU.Build.0 = Debug|Any CPU
		{387B6D74-7CA9-4009-9BEE-BDE7FE395660}.Release|Any CPU.ActiveCfg = Release|Any CPU
		{387B6D74-7CA9-4009-9BEE-BDE7FE395660}.Release|Any CPU.Build.0 = Release|Any CPU
	EndGlobalSection
	GlobalSection(SolutionProperties) = preSolution
		HideSolutionNode = FALSE
	EndGlobalSection
	GlobalSection(ExtensibilityGlobals) = postSolution
		SolutionGuid = {1230B249-FC47-4777-81CB-446428458D15}
	EndGlobalSection
EndGlobal
